Microsoft Visual Studio Solution File, Format Version 12.00
# Visual Studio 14
VisualStudioVersion = 14.0.25123.0
MinimumVisualStudioVersion = 10.0.40219.1
Project("{2150E333-8FDC-42A3-9474-1A3956D46DE8}") = "Dependencies", "Dependencies", "{2C4E4846-FF11-55AD-AFD1-BC1F3AF74724}"
EndProject
Project("{8BC9CEB8-8B4A-11D0-8D11-00A0C91BC942}") = "Poedit", "Poedit.vcxproj", "{971716FE-F6AD-4C1D-8690-27E243AF73F8}"
	ProjectSection(ProjectDependencies) = postProject
		{56A4B526-BB81-5D01-AAA9-16D23BBB169D} = {56A4B526-BB81-5D01-AAA9-16D23BBB169D}
		{3E6DCA27-5FA3-53EC-BBD6-2D42294B7AE6} = {3E6DCA27-5FA3-53EC-BBD6-2D42294B7AE6}
		{8ACC122A-CA6A-5AA6-9C97-9CDD2E533DB0} = {8ACC122A-CA6A-5AA6-9C97-9CDD2E533DB0}
		{23E1C437-A951-5943-8639-A17F3CF2E606} = {23E1C437-A951-5943-8639-A17F3CF2E606}
		{6053CC38-CDEE-584C-8BC8-4B000D800FC7} = {6053CC38-CDEE-584C-8BC8-4B000D800FC7}
		{24C45343-FD20-5C92-81C1-35A2AE841E79} = {24C45343-FD20-5C92-81C1-35A2AE841E79}
		{BE217246-3AB2-4D0E-B278-4472C3545261} = {BE217246-3AB2-4D0E-B278-4472C3545261}
		{09F2F96A-1CC6-5E43-AF1D-956EC2A4888D} = {09F2F96A-1CC6-5E43-AF1D-956EC2A4888D}
		{74827EBD-93DC-5110-BA95-3F2AB029B6B0} = {74827EBD-93DC-5110-BA95-3F2AB029B6B0}
		{3FCC50C2-81E9-5DB2-B8D8-2129427568B1} = {3FCC50C2-81E9-5DB2-B8D8-2129427568B1}
		{6744DAD8-9C70-574A-BFF2-9F8DDDB24A75} = {6744DAD8-9C70-574A-BFF2-9F8DDDB24A75}
		{E21129E0-7C08-5936-9D8C-0D60B5319BA7} = {E21129E0-7C08-5936-9D8C-0D60B5319BA7}
		{69F2EDE4-7D21-5738-9BC0-F66F61C9AE00} = {69F2EDE4-7D21-5738-9BC0-F66F61C9AE00}
		{524CCCF2-61EA-5B64-A1D9-FF5497027B5F} = {524CCCF2-61EA-5B64-A1D9-FF5497027B5F}
		{33CC42F9-7756-5587-863C-8D4461B7C5DD} = {33CC42F9-7756-5587-863C-8D4461B7C5DD}
	EndProjectSection
EndProject
Project("{8BC9CEB8-8B4A-11D0-8D11-00A0C91BC942}") = "BerkeleyDB", "deps\db\build_windows\db_static.vcxproj", "{671539AA-D9A6-4B7B-8044-61B511D6F432}"
EndProject
Project("{8BC9CEB8-8B4A-11D0-8D11-00A0C91BC942}") = "WinSparkle", "deps\winsparkle\WinSparkle-2015.vcxproj", "{524CCCF2-61EA-5B64-A1D9-FF5497027B5F}"
	ProjectSection(ProjectDependencies) = postProject
		{499A5238-5AAC-5FD3-8902-819D787108A5} = {499A5238-5AAC-5FD3-8902-819D787108A5}
		{47B228CB-24FE-5250-B1FC-DFC81D3E69DF} = {47B228CB-24FE-5250-B1FC-DFC81D3E69DF}
	EndProjectSection
EndProject
Project("{8BC9CEB8-8B4A-11D0-8D11-00A0C91BC942}") = "WinSparkle_expat", "deps\winsparkle\3rdparty\expat-2015.vcxproj", "{47B228CB-24FE-5250-B1FC-DFC81D3E69DF}"
EndProject
Project("{8BC9CEB8-8B4A-11D0-8D11-00A0C91BC942}") = "WinSparkle_wx", "deps\winsparkle\3rdparty\wx-2015.vcxproj", "{499A5238-5AAC-5FD3-8902-819D787108A5}"
EndProject
Project("{8BC9CEB8-8B4A-11D0-8D11-00A0C91BC942}") = "wxWidgets_wxregex", "deps\custom_build\wx_wxregex.vcxproj", "{56A4B526-BB81-5D01-AAA9-16D23BBB169D}"
EndProject
Project("{8BC9CEB8-8B4A-11D0-8D11-00A0C91BC942}") = "wxWidgets_wxpng", "deps\custom_build\wx_wxpng.vcxproj", "{8ACC122A-CA6A-5AA6-9C97-9CDD2E533DB0}"
EndProject
Project("{8BC9CEB8-8B4A-11D0-8D11-00A0C91BC942}") = "wxWidgets_wxjpeg", "deps\custom_build\wx_wxjpeg.vcxproj", "{6053CC38-CDEE-584C-8BC8-4B000D800FC7}"
EndProject
Project("{8BC9CEB8-8B4A-11D0-8D11-00A0C91BC942}") = "wxWidgets_wxscintilla", "deps\custom_build\wx_wxscintilla.vcxproj", "{74827EBD-93DC-5110-BA95-3F2AB029B6B0}"
EndProject
Project("{8BC9CEB8-8B4A-11D0-8D11-00A0C91BC942}") = "wxWidgets_base", "deps\custom_build\wx_base.vcxproj", "{3FCC50C2-81E9-5DB2-B8D8-2129427568B1}"
EndProject
Project("{8BC9CEB8-8B4A-11D0-8D11-00A0C91BC942}") = "wxWidgets_net", "deps\custom_build\wx_net.vcxproj", "{69F2EDE4-7D21-5738-9BC0-F66F61C9AE00}"
EndProject
Project("{8BC9CEB8-8B4A-11D0-8D11-00A0C91BC942}") = "wxWidgets_core", "deps\custom_build\wx_core.vcxproj", "{6744DAD8-9C70-574A-BFF2-9F8DDDB24A75}"
EndProject
Project("{8BC9CEB8-8B4A-11D0-8D11-00A0C91BC942}") = "wxWidgets_adv", "deps\custom_build\wx_adv.vcxproj", "{24C45343-FD20-5C92-81C1-35A2AE841E79}"
EndProject
Project("{8BC9CEB8-8B4A-11D0-8D11-00A0C91BC942}") = "wxWidgets_html", "deps\custom_build\wx_html.vcxproj", "{33CC42F9-7756-5587-863C-8D4461B7C5DD}"
EndProject
Project("{8BC9CEB8-8B4A-11D0-8D11-00A0C91BC942}") = "wxWidgets_qa", "deps\custom_build\wx_qa.vcxproj", "{E21129E0-7C08-5936-9D8C-0D60B5319BA7}"
EndProject
Project("{8BC9CEB8-8B4A-11D0-8D11-00A0C91BC942}") = "wxWidgets_xml", "deps\custom_build\wx_xml.vcxproj", "{3E6DCA27-5FA3-53EC-BBD6-2D42294B7AE6}"
EndProject
Project("{8BC9CEB8-8B4A-11D0-8D11-00A0C91BC942}") = "wxWidgets_xrc", "deps\custom_build\wx_xrc.vcxproj", "{09F2F96A-1CC6-5E43-AF1D-956EC2A4888D}"
EndProject
Project("{8BC9CEB8-8B4A-11D0-8D11-00A0C91BC942}") = "wxWidgets_stc", "deps\custom_build\wx_stc.vcxproj", "{23E1C437-A951-5943-8639-A17F3CF2E606}"
EndProject
Project("{8BC9CEB8-8B4A-11D0-8D11-00A0C91BC942}") = "dump-legacy-tm", "src\tm\dump-legacy-tm.vcxproj", "{BE217246-3AB2-4D0E-B278-4472C3545261}"
EndProject
Project("{2150E333-8FDC-42A3-9474-1A3956D46DE8}") = "Boost", "Boost", "{FD35F78A-8B65-4C1C-9BE2-A3EA2708B481}"
EndProject
Project("{8BC9CEB8-8B4A-11D0-8D11-00A0C91BC942}") = "boost_date_time", "deps\boost\boost_date_time.vcxproj", "{ADEC2B7F-C526-599A-81DF-F6E2E738B9D9}"
EndProject
Project("{8BC9CEB8-8B4A-11D0-8D11-00A0C91BC942}") = "boost_filesystem", "deps\boost\boost_filesystem.vcxproj", "{8FF99368-32E4-513F-8E03-9040878DA33C}"
EndProject
Project("{8BC9CEB8-8B4A-11D0-8D11-00A0C91BC942}") = "boost_iostreams", "deps\boost\boost_iostreams.vcxproj", "{C38F119E-3BAC-5521-A103-CB82B75AF25F}"
EndProject
Project("{8BC9CEB8-8B4A-11D0-8D11-00A0C91BC942}") = "boost_regex", "deps\boost\boost_regex.vcxproj", "{34DFD89B-D32C-5C5C-B0CF-6F47A13B8B7B}"
EndProject
Project("{8BC9CEB8-8B4A-11D0-8D11-00A0C91BC942}") = "boost_system", "deps\boost\boost_system.vcxproj", "{88A0AD6E-0E9B-5FCB-801A-6F6531C7577B}"
EndProject
Project("{8BC9CEB8-8B4A-11D0-8D11-00A0C91BC942}") = "boost_thread", "deps\boost\boost_thread.vcxproj", "{D9C07F38-40E0-5091-8935-277A4F64F8E5}"
EndProject
Project("{8BC9CEB8-8B4A-11D0-8D11-00A0C91BC942}") = "LucenePlusPlus", "deps\lucene\LucenePlusPlus.vcxproj", "{34B37773-23AC-5286-86F7-60C7BF937ABB}"
EndProject
Project("{8BC9CEB8-8B4A-11D0-8D11-00A0C91BC942}") = "zlib", "deps\custom_build\zlib.vcxproj", "{304A6FD9-7FF1-5FAA-B095-48F553DDC6F5}"
EndProject
Project("{8BC9CEB8-8B4A-11D0-8D11-00A0C91BC942}") = "expat", "deps\custom_build\expat.vcxproj", "{8D88AE38-FF38-5A85-83D1-BB6816ED2F58}"
EndProject
Project("{2150E333-8FDC-42A3-9474-1A3956D46DE8}") = "ICU", "ICU", "{8C44E477-F08B-4D5D-A091-1356FFC578A6}"
EndProject
Project("{8BC9CEB8-8B4A-11D0-8D11-00A0C91BC942}") = "common", "deps\icu4c\source\common\common.vcxproj", "{73C0A65B-D1F2-4DE1-B3A6-15DAD2C23F3D}"
EndProject
Project("{8BC9CEB8-8B4A-11D0-8D11-00A0C91BC942}") = "stubdata", "deps\icu4c\source\stubdata\stubdata.vcxproj", "{203EC78A-0531-43F0-A636-285439BDE025}"
EndProject
Project("{8BC9CEB8-8B4A-11D0-8D11-00A0C91BC942}") = "i18n", "deps\icu4c\source\i18n\i18n.vcxproj", "{0178B127-6269-407D-B112-93877BB62776}"
EndProject
Project("{8BC9CEB8-8B4A-11D0-8D11-00A0C91BC942}") = "cld2", "deps\custom_build\cld2.vcxproj", "{0F2968C8-6B72-52C5-857D-C1BBDA8E9DD0}"
EndProject
Project("{8BC9CEB8-8B4A-11D0-8D11-00A0C91BC942}") = "casablanca", "deps\custom_build\casablanca.vcxproj", "{15F3B200-1AED-4B57-AF37-B21CD67914B1}"
EndProject
Global
	GlobalSection(SharedMSBuildProjectFiles) = preSolution
		deps\casablanca\Release\src\build\win32.vcxitems*{15f3b200-1aed-4b57-af37-b21cd67914b1}*SharedItemsImports = 4
		deps\casablanca\Release\src\build\common.vcxitems*{15f3b200-1aed-4b57-af37-b21cd67914b1}*SharedItemsImports = 4
	EndGlobalSection
	GlobalSection(SolutionConfigurationPlatforms) = preSolution
		Debug|Win32 = Debug|Win32
		Release|Win32 = Release|Win32
	EndGlobalSection
	GlobalSection(ProjectConfigurationPlatforms) = postSolution
		{971716FE-F6AD-4C1D-8690-27E243AF73F8}.Debug|Win32.ActiveCfg = Debug|Win32
		{971716FE-F6AD-4C1D-8690-27E243AF73F8}.Debug|Win32.Build.0 = Debug|Win32
		{971716FE-F6AD-4C1D-8690-27E243AF73F8}.Release|Win32.ActiveCfg = Release|Win32
		{971716FE-F6AD-4C1D-8690-27E243AF73F8}.Release|Win32.Build.0 = Release|Win32
		{671539AA-D9A6-4B7B-8044-61B511D6F432}.Debug|Win32.ActiveCfg = Debug|Win32
		{671539AA-D9A6-4B7B-8044-61B511D6F432}.Debug|Win32.Build.0 = Debug|Win32
		{671539AA-D9A6-4B7B-8044-61B511D6F432}.Release|Win32.ActiveCfg = Release|Win32
		{671539AA-D9A6-4B7B-8044-61B511D6F432}.Release|Win32.Build.0 = Release|Win32
		{524CCCF2-61EA-5B64-A1D9-FF5497027B5F}.Debug|Win32.ActiveCfg = Debug|Win32
		{524CCCF2-61EA-5B64-A1D9-FF5497027B5F}.Debug|Win32.Build.0 = Debug|Win32
		{524CCCF2-61EA-5B64-A1D9-FF5497027B5F}.Release|Win32.ActiveCfg = Release|Win32
		{524CCCF2-61EA-5B64-A1D9-FF5497027B5F}.Release|Win32.Build.0 = Release|Win32
		{47B228CB-24FE-5250-B1FC-DFC81D3E69DF}.Debug|Win32.ActiveCfg = Debug|Win32
		{47B228CB-24FE-5250-B1FC-DFC81D3E69DF}.Debug|Win32.Build.0 = Debug|Win32
		{47B228CB-24FE-5250-B1FC-DFC81D3E69DF}.Release|Win32.ActiveCfg = Release|Win32
		{47B228CB-24FE-5250-B1FC-DFC81D3E69DF}.Release|Win32.Build.0 = Release|Win32
		{499A5238-5AAC-5FD3-8902-819D787108A5}.Debug|Win32.ActiveCfg = Debug|Win32
		{499A5238-5AAC-5FD3-8902-819D787108A5}.Debug|Win32.Build.0 = Debug|Win32
		{499A5238-5AAC-5FD3-8902-819D787108A5}.Release|Win32.ActiveCfg = Release|Win32
		{499A5238-5AAC-5FD3-8902-819D787108A5}.Release|Win32.Build.0 = Release|Win32
		{56A4B526-BB81-5D01-AAA9-16D23BBB169D}.Debug|Win32.ActiveCfg = Debug|Win32
		{56A4B526-BB81-5D01-AAA9-16D23BBB169D}.Debug|Win32.Build.0 = Debug|Win32
		{56A4B526-BB81-5D01-AAA9-16D23BBB169D}.Release|Win32.ActiveCfg = Release|Win32
		{56A4B526-BB81-5D01-AAA9-16D23BBB169D}.Release|Win32.Build.0 = Release|Win32
		{8ACC122A-CA6A-5AA6-9C97-9CDD2E533DB0}.Debug|Win32.ActiveCfg = Debug|Win32
		{8ACC122A-CA6A-5AA6-9C97-9CDD2E533DB0}.Debug|Win32.Build.0 = Debug|Win32
		{8ACC122A-CA6A-5AA6-9C97-9CDD2E533DB0}.Release|Win32.ActiveCfg = Release|Win32
		{8ACC122A-CA6A-5AA6-9C97-9CDD2E533DB0}.Release|Win32.Build.0 = Release|Win32
		{6053CC38-CDEE-584C-8BC8-4B000D800FC7}.Debug|Win32.ActiveCfg = Debug|Win32
		{6053CC38-CDEE-584C-8BC8-4B000D800FC7}.Debug|Win32.Build.0 = Debug|Win32
		{6053CC38-CDEE-584C-8BC8-4B000D800FC7}.Release|Win32.ActiveCfg = Release|Win32
		{6053CC38-CDEE-584C-8BC8-4B000D800FC7}.Release|Win32.Build.0 = Release|Win32
		{74827EBD-93DC-5110-BA95-3F2AB029B6B0}.Debug|Win32.ActiveCfg = Debug|Win32
		{74827EBD-93DC-5110-BA95-3F2AB029B6B0}.Debug|Win32.Build.0 = Debug|Win32
		{74827EBD-93DC-5110-BA95-3F2AB029B6B0}.Release|Win32.ActiveCfg = Release|Win32
		{74827EBD-93DC-5110-BA95-3F2AB029B6B0}.Release|Win32.Build.0 = Release|Win32
		{3FCC50C2-81E9-5DB2-B8D8-2129427568B1}.Debug|Win32.ActiveCfg = Debug|Win32
		{3FCC50C2-81E9-5DB2-B8D8-2129427568B1}.Debug|Win32.Build.0 = Debug|Win32
		{3FCC50C2-81E9-5DB2-B8D8-2129427568B1}.Release|Win32.ActiveCfg = Release|Win32
		{3FCC50C2-81E9-5DB2-B8D8-2129427568B1}.Release|Win32.Build.0 = Release|Win32
		{69F2EDE4-7D21-5738-9BC0-F66F61C9AE00}.Debug|Win32.ActiveCfg = Debug|Win32
		{69F2EDE4-7D21-5738-9BC0-F66F61C9AE00}.Debug|Win32.Build.0 = Debug|Win32
		{69F2EDE4-7D21-5738-9BC0-F66F61C9AE00}.Release|Win32.ActiveCfg = Release|Win32
		{69F2EDE4-7D21-5738-9BC0-F66F61C9AE00}.Release|Win32.Build.0 = Release|Win32
		{6744DAD8-9C70-574A-BFF2-9F8DDDB24A75}.Debug|Win32.ActiveCfg = Debug|Win32
		{6744DAD8-9C70-574A-BFF2-9F8DDDB24A75}.Debug|Win32.Build.0 = Debug|Win32
		{6744DAD8-9C70-574A-BFF2-9F8DDDB24A75}.Release|Win32.ActiveCfg = Release|Win32
		{6744DAD8-9C70-574A-BFF2-9F8DDDB24A75}.Release|Win32.Build.0 = Release|Win32
		{24C45343-FD20-5C92-81C1-35A2AE841E79}.Debug|Win32.ActiveCfg = Debug|Win32
		{24C45343-FD20-5C92-81C1-35A2AE841E79}.Debug|Win32.Build.0 = Debug|Win32
		{24C45343-FD20-5C92-81C1-35A2AE841E79}.Release|Win32.ActiveCfg = Release|Win32
		{24C45343-FD20-5C92-81C1-35A2AE841E79}.Release|Win32.Build.0 = Release|Win32
		{33CC42F9-7756-5587-863C-8D4461B7C5DD}.Debug|Win32.ActiveCfg = Debug|Win32
		{33CC42F9-7756-5587-863C-8D4461B7C5DD}.Debug|Win32.Build.0 = Debug|Win32
		{33CC42F9-7756-5587-863C-8D4461B7C5DD}.Release|Win32.ActiveCfg = Release|Win32
		{33CC42F9-7756-5587-863C-8D4461B7C5DD}.Release|Win32.Build.0 = Release|Win32
		{E21129E0-7C08-5936-9D8C-0D60B5319BA7}.Debug|Win32.ActiveCfg = Debug|Win32
		{E21129E0-7C08-5936-9D8C-0D60B5319BA7}.Debug|Win32.Build.0 = Debug|Win32
		{E21129E0-7C08-5936-9D8C-0D60B5319BA7}.Release|Win32.ActiveCfg = Release|Win32
		{E21129E0-7C08-5936-9D8C-0D60B5319BA7}.Release|Win32.Build.0 = Release|Win32
		{3E6DCA27-5FA3-53EC-BBD6-2D42294B7AE6}.Debug|Win32.ActiveCfg = Debug|Win32
		{3E6DCA27-5FA3-53EC-BBD6-2D42294B7AE6}.Debug|Win32.Build.0 = Debug|Win32
		{3E6DCA27-5FA3-53EC-BBD6-2D42294B7AE6}.Release|Win32.ActiveCfg = Release|Win32
		{3E6DCA27-5FA3-53EC-BBD6-2D42294B7AE6}.Release|Win32.Build.0 = Release|Win32
		{09F2F96A-1CC6-5E43-AF1D-956EC2A4888D}.Debug|Win32.ActiveCfg = Debug|Win32
		{09F2F96A-1CC6-5E43-AF1D-956EC2A4888D}.Debug|Win32.Build.0 = Debug|Win32
		{09F2F96A-1CC6-5E43-AF1D-956EC2A4888D}.Release|Win32.ActiveCfg = Release|Win32
		{09F2F96A-1CC6-5E43-AF1D-956EC2A4888D}.Release|Win32.Build.0 = Release|Win32
		{23E1C437-A951-5943-8639-A17F3CF2E606}.Debug|Win32.ActiveCfg = Debug|Win32
		{23E1C437-A951-5943-8639-A17F3CF2E606}.Debug|Win32.Build.0 = Debug|Win32
		{23E1C437-A951-5943-8639-A17F3CF2E606}.Release|Win32.ActiveCfg = Release|Win32
		{23E1C437-A951-5943-8639-A17F3CF2E606}.Release|Win32.Build.0 = Release|Win32
		{BE217246-3AB2-4D0E-B278-4472C3545261}.Debug|Win32.ActiveCfg = Debug|Win32
		{BE217246-3AB2-4D0E-B278-4472C3545261}.Debug|Win32.Build.0 = Debug|Win32
		{BE217246-3AB2-4D0E-B278-4472C3545261}.Release|Win32.ActiveCfg = Release|Win32
		{BE217246-3AB2-4D0E-B278-4472C3545261}.Release|Win32.Build.0 = Release|Win32
		{ADEC2B7F-C526-599A-81DF-F6E2E738B9D9}.Debug|Win32.ActiveCfg = Debug|Win32
		{ADEC2B7F-C526-599A-81DF-F6E2E738B9D9}.Debug|Win32.Build.0 = Debug|Win32
		{ADEC2B7F-C526-599A-81DF-F6E2E738B9D9}.Release|Win32.ActiveCfg = Release|Win32
		{ADEC2B7F-C526-599A-81DF-F6E2E738B9D9}.Release|Win32.Build.0 = Release|Win32
		{8FF99368-32E4-513F-8E03-9040878DA33C}.Debug|Win32.ActiveCfg = Debug|Win32
		{8FF99368-32E4-513F-8E03-9040878DA33C}.Debug|Win32.Build.0 = Debug|Win32
		{8FF99368-32E4-513F-8E03-9040878DA33C}.Release|Win32.ActiveCfg = Release|Win32
		{8FF99368-32E4-513F-8E03-9040878DA33C}.Release|Win32.Build.0 = Release|Win32
		{C38F119E-3BAC-5521-A103-CB82B75AF25F}.Debug|Win32.ActiveCfg = Debug|Win32
		{C38F119E-3BAC-5521-A103-CB82B75AF25F}.Debug|Win32.Build.0 = Debug|Win32
		{C38F119E-3BAC-5521-A103-CB82B75AF25F}.Release|Win32.ActiveCfg = Release|Win32
		{C38F119E-3BAC-5521-A103-CB82B75AF25F}.Release|Win32.Build.0 = Release|Win32
		{34DFD89B-D32C-5C5C-B0CF-6F47A13B8B7B}.Debug|Win32.ActiveCfg = Debug|Win32
		{34DFD89B-D32C-5C5C-B0CF-6F47A13B8B7B}.Debug|Win32.Build.0 = Debug|Win32
		{34DFD89B-D32C-5C5C-B0CF-6F47A13B8B7B}.Release|Win32.ActiveCfg = Release|Win32
		{34DFD89B-D32C-5C5C-B0CF-6F47A13B8B7B}.Release|Win32.Build.0 = Release|Win32
		{88A0AD6E-0E9B-5FCB-801A-6F6531C7577B}.Debug|Win32.ActiveCfg = Debug|Win32
		{88A0AD6E-0E9B-5FCB-801A-6F6531C7577B}.Debug|Win32.Build.0 = Debug|Win32
		{88A0AD6E-0E9B-5FCB-801A-6F6531C7577B}.Release|Win32.ActiveCfg = Release|Win32
		{88A0AD6E-0E9B-5FCB-801A-6F6531C7577B}.Release|Win32.Build.0 = Release|Win32
		{D9C07F38-40E0-5091-8935-277A4F64F8E5}.Debug|Win32.ActiveCfg = Debug|Win32
		{D9C07F38-40E0-5091-8935-277A4F64F8E5}.Debug|Win32.Build.0 = Debug|Win32
		{D9C07F38-40E0-5091-8935-277A4F64F8E5}.Release|Win32.ActiveCfg = Release|Win32
		{D9C07F38-40E0-5091-8935-277A4F64F8E5}.Release|Win32.Build.0 = Release|Win32
		{34B37773-23AC-5286-86F7-60C7BF937ABB}.Debug|Win32.ActiveCfg = Debug|Win32
		{34B37773-23AC-5286-86F7-60C7BF937ABB}.Debug|Win32.Build.0 = Debug|Win32
		{34B37773-23AC-5286-86F7-60C7BF937ABB}.Release|Win32.ActiveCfg = Release|Win32
		{34B37773-23AC-5286-86F7-60C7BF937ABB}.Release|Win32.Build.0 = Release|Win32
		{304A6FD9-7FF1-5FAA-B095-48F553DDC6F5}.Debug|Win32.ActiveCfg = Debug|Win32
		{304A6FD9-7FF1-5FAA-B095-48F553DDC6F5}.Debug|Win32.Build.0 = Debug|Win32
		{304A6FD9-7FF1-5FAA-B095-48F553DDC6F5}.Release|Win32.ActiveCfg = Release|Win32
		{304A6FD9-7FF1-5FAA-B095-48F553DDC6F5}.Release|Win32.Build.0 = Release|Win32
		{8D88AE38-FF38-5A85-83D1-BB6816ED2F58}.Debug|Win32.ActiveCfg = Debug|Win32
		{8D88AE38-FF38-5A85-83D1-BB6816ED2F58}.Debug|Win32.Build.0 = Debug|Win32
		{8D88AE38-FF38-5A85-83D1-BB6816ED2F58}.Release|Win32.ActiveCfg = Release|Win32
		{8D88AE38-FF38-5A85-83D1-BB6816ED2F58}.Release|Win32.Build.0 = Release|Win32
		{73C0A65B-D1F2-4DE1-B3A6-15DAD2C23F3D}.Debug|Win32.ActiveCfg = Debug|Win32
		{73C0A65B-D1F2-4DE1-B3A6-15DAD2C23F3D}.Debug|Win32.Build.0 = Debug|Win32
		{73C0A65B-D1F2-4DE1-B3A6-15DAD2C23F3D}.Release|Win32.ActiveCfg = Release|Win32
		{73C0A65B-D1F2-4DE1-B3A6-15DAD2C23F3D}.Release|Win32.Build.0 = Release|Win32
		{203EC78A-0531-43F0-A636-285439BDE025}.Debug|Win32.ActiveCfg = Debug|Win32
		{203EC78A-0531-43F0-A636-285439BDE025}.Debug|Win32.Build.0 = Debug|Win32
		{203EC78A-0531-43F0-A636-285439BDE025}.Release|Win32.ActiveCfg = Release|Win32
		{203EC78A-0531-43F0-A636-285439BDE025}.Release|Win32.Build.0 = Release|Win32
		{0178B127-6269-407D-B112-93877BB62776}.Debug|Win32.ActiveCfg = Debug|Win32
		{0178B127-6269-407D-B112-93877BB62776}.Debug|Win32.Build.0 = Debug|Win32
		{0178B127-6269-407D-B112-93877BB62776}.Release|Win32.ActiveCfg = Release|Win32
		{0178B127-6269-407D-B112-93877BB62776}.Release|Win32.Build.0 = Release|Win32
		{0F2968C8-6B72-52C5-857D-C1BBDA8E9DD0}.Debug|Win32.ActiveCfg = Debug|Win32
		{0F2968C8-6B72-52C5-857D-C1BBDA8E9DD0}.Debug|Win32.Build.0 = Debug|Win32
		{0F2968C8-6B72-52C5-857D-C1BBDA8E9DD0}.Release|Win32.ActiveCfg = Release|Win32
		{0F2968C8-6B72-52C5-857D-C1BBDA8E9DD0}.Release|Win32.Build.0 = Release|Win32
		{15F3B200-1AED-4B57-AF37-B21CD67914B1}.Debug|Win32.ActiveCfg = Debug|Win32
		{15F3B200-1AED-4B57-AF37-B21CD67914B1}.Debug|Win32.Build.0 = Debug|Win32
		{15F3B200-1AED-4B57-AF37-B21CD67914B1}.Release|Win32.ActiveCfg = Release|Win32
		{15F3B200-1AED-4B57-AF37-B21CD67914B1}.Release|Win32.Build.0 = Release|Win32
	EndGlobalSection
	GlobalSection(SolutionProperties) = preSolution
		HideSolutionNode = FALSE
	EndGlobalSection
	GlobalSection(NestedProjects) = preSolution
		{671539AA-D9A6-4B7B-8044-61B511D6F432} = {2C4E4846-FF11-55AD-AFD1-BC1F3AF74724}
		{524CCCF2-61EA-5B64-A1D9-FF5497027B5F} = {2C4E4846-FF11-55AD-AFD1-BC1F3AF74724}
		{47B228CB-24FE-5250-B1FC-DFC81D3E69DF} = {2C4E4846-FF11-55AD-AFD1-BC1F3AF74724}
		{499A5238-5AAC-5FD3-8902-819D787108A5} = {2C4E4846-FF11-55AD-AFD1-BC1F3AF74724}
		{56A4B526-BB81-5D01-AAA9-16D23BBB169D} = {2C4E4846-FF11-55AD-AFD1-BC1F3AF74724}
		{8ACC122A-CA6A-5AA6-9C97-9CDD2E533DB0} = {2C4E4846-FF11-55AD-AFD1-BC1F3AF74724}
		{6053CC38-CDEE-584C-8BC8-4B000D800FC7} = {2C4E4846-FF11-55AD-AFD1-BC1F3AF74724}
		{74827EBD-93DC-5110-BA95-3F2AB029B6B0} = {2C4E4846-FF11-55AD-AFD1-BC1F3AF74724}
		{3FCC50C2-81E9-5DB2-B8D8-2129427568B1} = {2C4E4846-FF11-55AD-AFD1-BC1F3AF74724}
		{69F2EDE4-7D21-5738-9BC0-F66F61C9AE00} = {2C4E4846-FF11-55AD-AFD1-BC1F3AF74724}
		{6744DAD8-9C70-574A-BFF2-9F8DDDB24A75} = {2C4E4846-FF11-55AD-AFD1-BC1F3AF74724}
		{24C45343-FD20-5C92-81C1-35A2AE841E79} = {2C4E4846-FF11-55AD-AFD1-BC1F3AF74724}
		{33CC42F9-7756-5587-863C-8D4461B7C5DD} = {2C4E4846-FF11-55AD-AFD1-BC1F3AF74724}
		{E21129E0-7C08-5936-9D8C-0D60B5319BA7} = {2C4E4846-FF11-55AD-AFD1-BC1F3AF74724}
		{3E6DCA27-5FA3-53EC-BBD6-2D42294B7AE6} = {2C4E4846-FF11-55AD-AFD1-BC1F3AF74724}
		{09F2F96A-1CC6-5E43-AF1D-956EC2A4888D} = {2C4E4846-FF11-55AD-AFD1-BC1F3AF74724}
		{23E1C437-A951-5943-8639-A17F3CF2E606} = {2C4E4846-FF11-55AD-AFD1-BC1F3AF74724}
		{FD35F78A-8B65-4C1C-9BE2-A3EA2708B481} = {2C4E4846-FF11-55AD-AFD1-BC1F3AF74724}
		{ADEC2B7F-C526-599A-81DF-F6E2E738B9D9} = {FD35F78A-8B65-4C1C-9BE2-A3EA2708B481}
		{8FF99368-32E4-513F-8E03-9040878DA33C} = {FD35F78A-8B65-4C1C-9BE2-A3EA2708B481}
		{C38F119E-3BAC-5521-A103-CB82B75AF25F} = {FD35F78A-8B65-4C1C-9BE2-A3EA2708B481}
		{34DFD89B-D32C-5C5C-B0CF-6F47A13B8B7B} = {FD35F78A-8B65-4C1C-9BE2-A3EA2708B481}
		{88A0AD6E-0E9B-5FCB-801A-6F6531C7577B} = {FD35F78A-8B65-4C1C-9BE2-A3EA2708B481}
		{D9C07F38-40E0-5091-8935-277A4F64F8E5} = {FD35F78A-8B65-4C1C-9BE2-A3EA2708B481}
		{34B37773-23AC-5286-86F7-60C7BF937ABB} = {2C4E4846-FF11-55AD-AFD1-BC1F3AF74724}
		{304A6FD9-7FF1-5FAA-B095-48F553DDC6F5} = {2C4E4846-FF11-55AD-AFD1-BC1F3AF74724}
		{8D88AE38-FF38-5A85-83D1-BB6816ED2F58} = {2C4E4846-FF11-55AD-AFD1-BC1F3AF74724}
		{8C44E477-F08B-4D5D-A091-1356FFC578A6} = {2C4E4846-FF11-55AD-AFD1-BC1F3AF74724}
		{73C0A65B-D1F2-4DE1-B3A6-15DAD2C23F3D} = {8C44E477-F08B-4D5D-A091-1356FFC578A6}
		{203EC78A-0531-43F0-A636-285439BDE025} = {8C44E477-F08B-4D5D-A091-1356FFC578A6}
		{0178B127-6269-407D-B112-93877BB62776} = {8C44E477-F08B-4D5D-A091-1356FFC578A6}
		{0F2968C8-6B72-52C5-857D-C1BBDA8E9DD0} = {2C4E4846-FF11-55AD-AFD1-BC1F3AF74724}
		{15F3B200-1AED-4B57-AF37-B21CD67914B1} = {2C4E4846-FF11-55AD-AFD1-BC1F3AF74724}
	EndGlobalSection
EndGlobal
