<?xml version="1.0" encoding="utf-8"?>
<Project ToolsVersion="4.0" xmlns="http://schemas.microsoft.com/developer/msbuild/2003">
  <ItemGroup>
    <Filter Include="Header Files">
      <UniqueIdentifier>{93995380-89BD-4b04-88EB-625FBE52EBFB}</UniqueIdentifier>
      <Extensions>h;hpp;hxx;hm;inl;inc;xsd</Extensions>
    </Filter>
    <Filter Include="Resource Files">
      <UniqueIdentifier>{67DA6AB6-F800-4c08-8B7A-83BB121AAD01}</UniqueIdentifier>
      <Extensions>rc;ico;cur;bmp;dlg;rc2;rct;bin;rgs;gif;jpg;jpeg;jpe;resx;tiff;tif;png;wav;mfcribbon-ms</Extensions>
    </Filter>
    <Filter Include="Source Files">
      <UniqueIdentifier>{4FC737F1-C7A5-4376-A066-2A32D752A2FF}</UniqueIdentifier>
      <Extensions>cpp;c;cc;cxx;def;odl;idl;hpj;bat;asm;asmx</Extensions>
    </Filter>
    <Filter Include="Data Files">
      <UniqueIdentifier>{53c22771-7898-4865-b3d8-9490f27e8669}</UniqueIdentifier>
    </Filter>
  </ItemGroup>
  <ItemGroup>
    <ClCompile Include="src\attentionbar.cpp">
      <Filter>Source Files</Filter>
    </ClCompile>
    <ClCompile Include="src\cat_sorting.cpp">
      <Filter>Source Files</Filter>
    </ClCompile>
    <ClCompile Include="src\catalog.cpp">
      <Filter>Source Files</Filter>
    </ClCompile>
    <ClCompile Include="src\commentdlg.cpp">
      <Filter>Source Files</Filter>
    </ClCompile>
    <ClCompile Include="src\edapp.cpp">
      <Filter>Source Files</Filter>
    </ClCompile>
    <ClCompile Include="src\edframe.cpp">
      <Filter>Source Files</Filter>
    </ClCompile>
    <ClCompile Include="src\edlistctrl.cpp">
      <Filter>Source Files</Filter>
    </ClCompile>
    <ClCompile Include="src\export_html.cpp">
      <Filter>Source Files</Filter>
    </ClCompile>
    <ClCompile Include="src\fileviewer.cpp">
      <Filter>Source Files</Filter>
    </ClCompile>
    <ClCompile Include="src\findframe.cpp">
      <Filter>Source Files</Filter>
    </ClCompile>
    <ClCompile Include="src\gexecute.cpp">
      <Filter>Source Files</Filter>
    </ClCompile>
    <ClCompile Include="src\chooselang.cpp">
      <Filter>Source Files</Filter>
    </ClCompile>
    <ClCompile Include="src\icons.cpp">
      <Filter>Source Files</Filter>
    </ClCompile>
    <ClCompile Include="src\manager.cpp">
      <Filter>Source Files</Filter>
    </ClCompile>
    <ClCompile Include="src\prefsdlg.cpp">
      <Filter>Source Files</Filter>
    </ClCompile>
    <ClCompile Include="src\progressinfo.cpp">
      <Filter>Source Files</Filter>
    </ClCompile>
    <ClCompile Include="src\propertiesdlg.cpp">
      <Filter>Source Files</Filter>
    </ClCompile>
    <ClCompile Include="src\utility.cpp">
      <Filter>Source Files</Filter>
    </ClCompile>
    <ClCompile Include="src\pluralforms\pl_evaluate.cpp">
      <Filter>Source Files</Filter>
    </ClCompile>
    <ClCompile Include="src\tm\transmem.cpp">
      <Filter>Source Files</Filter>
    </ClCompile>
    <ClCompile Include="src\language.cpp">
      <Filter>Source Files</Filter>
    </ClCompile>
    <ClCompile Include="src\languagectrl.cpp">
      <Filter>Source Files</Filter>
    </ClCompile>
    <ClCompile Include="src\welcomescreen.cpp">
      <Filter>Source Files</Filter>
    </ClCompile>
    <ClCompile Include="src\spellchecking.cpp">
      <Filter>Source Files</Filter>
    </ClCompile>
    <ClCompile Include="src\syntaxhighlighter.cpp">
      <Filter>Source Files</Filter>
    </ClCompile>
    <ClCompile Include="src\customcontrols.cpp">
      <Filter>Source Files</Filter>
    </ClCompile>
    <ClCompile Include="src\sidebar.cpp">
      <Filter>Source Files</Filter>
    </ClCompile>
    <ClCompile Include="src\tm\suggestions.cpp">
      <Filter>Source Files</Filter>
    </ClCompile>
    <ClCompile Include="src\wx\main_toolbar.cpp">
      <Filter>Source Files</Filter>
    </ClCompile>
    <ClCompile Include="src\text_control.cpp">
      <Filter>Source Files</Filter>
    </ClCompile>
    <ClCompile Include="src\hidpi.cpp">
      <Filter>Source Files</Filter>
    </ClCompile>
    <ClCompile Include="src\http_client_casablanca.cpp">
      <Filter>Source Files</Filter>
    </ClCompile>
    <ClCompile Include="src\crowdin_client.cpp">
      <Filter>Source Files</Filter>
    </ClCompile>
    <ClCompile Include="src\crowdin_gui.cpp">
      <Filter>Source Files</Filter>
    </ClCompile>
    <ClCompile Include="src\http_client.cpp">
      <Filter>Source Files</Filter>
    </ClCompile>
    <ClCompile Include="src\keychain\keytar_win.cc">
      <Filter>Source Files</Filter>
    </ClCompile>
    <ClCompile Include="src\concurrency.cpp">
      <Filter>Source Files</Filter>
    </ClCompile>
    <ClCompile Include="src\unicode_helpers.cpp">
      <Filter>Source Files</Filter>
    </ClCompile>
    <ClCompile Include="src\windows\win10_menubar.cpp">
      <Filter>Source Files</Filter>
    </ClCompile>
    <ClCompile Include="src\configuration.cpp">
      <Filter>Source Files</Filter>
    </ClCompile>
    <ClCompile Include="src\editing_area.cpp">
      <Filter>Source Files</Filter>
    </ClCompile>
    <ClCompile Include="src\colorscheme.cpp">
      <Filter>Source Files</Filter>
    </ClCompile>
    <ClCompile Include="src\custom_buttons.cpp">
      <Filter>Source Files</Filter>
    </ClCompile>
    <ClCompile Include="src\extractors\extractor.cpp">
      <Filter>Source Files</Filter>
    </ClCompile>
    <ClCompile Include="src\extractors\extractor_legacy.cpp">
      <Filter>Source Files</Filter>
    </ClCompile>
    <ClCompile Include="src\extractors\extractor_gettext.cpp">
      <Filter>Source Files</Filter>
    </ClCompile>
    <ClCompile Include="src\cat_update.cpp">
      <Filter>Source Files</Filter>
    </ClCompile>
    <ClCompile Include="src\pretranslate.cpp">
      <Filter>Source Files</Filter>
    </ClCompile>
  </ItemGroup>
  <ItemGroup>
    <ClInclude Include="src\attentionbar.h">
      <Filter>Header Files</Filter>
    </ClInclude>
    <ClInclude Include="src\cat_sorting.h">
      <Filter>Header Files</Filter>
    </ClInclude>
    <ClInclude Include="src\catalog.h">
      <Filter>Header Files</Filter>
    </ClInclude>
    <ClInclude Include="src\commentdlg.h">
      <Filter>Header Files</Filter>
    </ClInclude>
    <ClInclude Include="src\edapp.h">
      <Filter>Header Files</Filter>
    </ClInclude>
    <ClInclude Include="src\edframe.h">
      <Filter>Header Files</Filter>
    </ClInclude>
    <ClInclude Include="src\edlistctrl.h">
      <Filter>Header Files</Filter>
    </ClInclude>
    <ClInclude Include="src\errors.h">
      <Filter>Header Files</Filter>
    </ClInclude>
    <ClInclude Include="src\fileviewer.h">
      <Filter>Header Files</Filter>
    </ClInclude>
    <ClInclude Include="src\findframe.h">
      <Filter>Header Files</Filter>
    </ClInclude>
    <ClInclude Include="src\gexecute.h">
      <Filter>Header Files</Filter>
    </ClInclude>
    <ClInclude Include="src\chooselang.h">
      <Filter>Header Files</Filter>
    </ClInclude>
    <ClInclude Include="src\icons.h">
      <Filter>Header Files</Filter>
    </ClInclude>
    <ClInclude Include="src\manager.h">
      <Filter>Header Files</Filter>
    </ClInclude>
    <ClInclude Include="src\prefsdlg.h">
      <Filter>Header Files</Filter>
    </ClInclude>
    <ClInclude Include="src\progressinfo.h">
      <Filter>Header Files</Filter>
    </ClInclude>
    <ClInclude Include="src\propertiesdlg.h">
      <Filter>Header Files</Filter>
    </ClInclude>
    <ClInclude Include="src\utility.h">
      <Filter>Header Files</Filter>
    </ClInclude>
    <ClInclude Include="src\version.h">
      <Filter>Header Files</Filter>
    </ClInclude>
    <ClInclude Include="src\pluralforms\pl_evaluate.h">
      <Filter>Header Files</Filter>
    </ClInclude>
    <ClInclude Include="src\tm\transmem.h">
      <Filter>Header Files</Filter>
    </ClInclude>
    <ClInclude Include="src\language.h">
      <Filter>Header Files</Filter>
    </ClInclude>
    <ClInclude Include="src\language_impl_plurals.h">
      <Filter>Header Files</Filter>
    </ClInclude>
    <ClInclude Include="src\language_impl_legacy.h">
      <Filter>Header Files</Filter>
    </ClInclude>
    <ClInclude Include="src\languagectrl.h">
      <Filter>Header Files</Filter>
    </ClInclude>
    <ClInclude Include="src\welcomescreen.h">
      <Filter>Header Files</Filter>
    </ClInclude>
    <ClInclude Include="src\logcapture.h">
      <Filter>Header Files</Filter>
    </ClInclude>
    <ClInclude Include="src\spellchecking.h">
      <Filter>Header Files</Filter>
    </ClInclude>
    <ClInclude Include="src\syntaxhighlighter.h">
      <Filter>Header Files</Filter>
    </ClInclude>
    <ClInclude Include="src\customcontrols.h">
      <Filter>Header Files</Filter>
    </ClInclude>
    <ClInclude Include="src\sidebar.h">
      <Filter>Header Files</Filter>
    </ClInclude>
    <ClInclude Include="src\tm\suggestions.h">
      <Filter>Header Files</Filter>
    </ClInclude>
    <ClInclude Include="src\main_toolbar.h">
      <Filter>Header Files</Filter>
    </ClInclude>
    <ClInclude Include="src\text_control.h">
      <Filter>Header Files</Filter>
    </ClInclude>
    <ClInclude Include="src\hidpi.h">
      <Filter>Header Files</Filter>
    </ClInclude>
    <ClInclude Include="src\http_client.h">
      <Filter>Header Files</Filter>
    </ClInclude>
    <ClInclude Include="src\crowdin_client.h">
      <Filter>Header Files</Filter>
    </ClInclude>
    <ClInclude Include="src\crowdin_gui.h">
      <Filter>Header Files</Filter>
    </ClInclude>
    <ClInclude Include="src\str_helpers.h">
      <Filter>Header Files</Filter>
    </ClInclude>
    <ClInclude Include="src\keychain\keytar.h">
      <Filter>Header Files</Filter>
    </ClInclude>
    <ClInclude Include="src\concurrency.h">
      <Filter>Header Files</Filter>
    </ClInclude>
    <ClInclude Include="src\unicode_helpers.h">
      <Filter>Header Files</Filter>
    </ClInclude>
    <ClInclude Include="src\windows\win10_menubar.h">
      <Filter>Header Files</Filter>
    </ClInclude>
    <ClInclude Include="src\json.h">
      <Filter>Header Files</Filter>
    </ClInclude>
    <ClInclude Include="src\configuration.h">
      <Filter>Header Files</Filter>
    </ClInclude>
    <ClInclude Include="src\editing_area.h">
      <Filter>Header Files</Filter>
    </ClInclude>
    <ClInclude Include="src\colorscheme.h">
      <Filter>Header Files</Filter>
    </ClInclude>
    <ClInclude Include="src\custom_buttons.h">
      <Filter>Header Files</Filter>
    </ClInclude>
    <ClInclude Include="src\extractors\extractor.h">
      <Filter>Header Files</Filter>
    </ClInclude>
    <ClInclude Include="src\extractors\extractor_legacy.h">
      <Filter>Header Files</Filter>
    </ClInclude>
    <ClInclude Include="src\cat_update.h">
      <Filter>Header Files</Filter>
    </ClInclude>
    <ClInclude Include="src\pretranslate.h">
      <Filter>Header Files</Filter>
    </ClInclude>
  </ItemGroup>
  <ItemGroup>
    <ResourceCompile Include="src\poedit.rc">
      <Filter>Resource Files</Filter>
    </ResourceCompile>
    <ResourceCompile Include="locales\win\windows_strings.rc">
      <Filter>Resource Files</Filter>
    </ResourceCompile>
  </ItemGroup>
  <ItemGroup>
    <None Include="Poedit.targets" />
    <None Include="src\resources\comment.xrc">
      <Filter>Data Files</Filter>
    </None>
    <None Include="src\resources\manager.xrc">
      <Filter>Data Files</Filter>
    </None>
    <None Include="src\resources\menus.xrc">
      <Filter>Data Files</Filter>
    </None>
    <None Include="src\resources\prefs.xrc">
      <Filter>Data Files</Filter>
    </None>
    <None Include="src\resources\progress.xrc">
      <Filter>Data Files</Filter>
    </None>
    <None Include="src\resources\properties.xrc">
      <Filter>Data Files</Filter>
    </None>
    <None Include="src\resources\toolbar.xrc">
      <Filter>Data Files</Filter>
    </None>
    <None Include="src\resources\summary.xrc">
      <Filter>Data Files</Filter>
    </None>
    <None Include="packages.config" />
  </ItemGroup>
  <ItemGroup>
    <Manifest Include="win32\Poedit.manifest">
      <Filter>Resource Files</Filter>
    </Manifest>
  </ItemGroup>
</Project>