{
  "originHash" : "6fe1ef4f2e1f04f91a95b8fdd092258c1e4bb13e99fb6b2ebbe1557351193476",
  "pins" : [
    {
      "identity" : "gettext-tools",
      "kind" : "remoteSourceControl",
      "location" : "https://github.com/poedit/gettext-tools",
      "state" : {
        "branch" : "macos",
        "revision" : "2fd0201b15c62fc9e652caf44cd0fff9c274c0ee"
      }
    },
    {
      "identity" : "sparkle",
      "kind" : "remoteSourceControl",
      "location" : "https://github.com/sparkle-project/Sparkle",
      "state" : {
        "revision" : "5581748cef2bae787496fe6d61139aebe0a451f6",
        "version" : "2.8.1"
      }
    }
  ],
  "version" : 3
}
